
Microsoft Visual Studio Solution File, Format Version 12.00
# Visual Studio Version 17
VisualStudioVersion = 17.5.33530.505
MinimumVisualStudioVersion = 10.0.40219.1
Project("{FAE04EC0-301F-11D3-BF4B-00C04F79EFBC}") = "MoviesTheaterApplication", "WebApplication1\MoviesTheaterApplication.csproj", "{33BF932C-974F-4FD7-9C12-A2401288A653}"
EndProject
Global
	GlobalSection(SolutionConfigurationPlatforms) = preSolution
		Debug|Any CPU = Debug|Any CPU
		Release|Any CPU = Release|Any CPU
	EndGlobalSection
	GlobalSection(ProjectConfigurationPlatforms) = postSolution
		{33BF932C-974F-4FD7-9C12-A2401288A653}.Debug|Any CPU.ActiveCfg = Debug|Any CPU
		{33BF932C-974F-4FD7-9C12-A2401288A653}.Debug|Any CPU.Build.0 = Debug|Any CPU
		{33BF932C-974F-4FD7-9C12-A2401288A653}.Release|Any CPU.ActiveCfg = Release|Any CPU
		{33BF932C-974F-4FD7-9C12-A2401288A653}.Release|Any CPU.Build.0 = Release|Any CPU
	EndGlobalSection
	GlobalSection(SolutionProperties) = preSolution
		HideSolutionNode = FALSE
	EndGlobalSection
	GlobalSection(ExtensibilityGlobals) = postSolution
		SolutionGuid = {3CB0E857-E2D6-4EBC-BE50-879C0E0404A2}
	EndGlobalSection
EndGlobal
